
Microsoft Visual Studio Solution File, Format Version 12.00
# Visual Studio 15
VisualStudioVersion = 15.0.28010.2003
MinimumVisualStudioVersion = 10.0.40219.1
Project("{FAE04EC0-301F-11D3-BF4B-00C04F79EFBC}") = "TurningTheFrickinFrogsGay", "TurningTheFrickinFrogsGay\TurningTheFrickinFrogsGay.csproj", "{A9D7CDBA-7AC4-4195-B4A8-CC5B36AB498A}"
EndProject
Global
	GlobalSection(SolutionConfigurationPlatforms) = preSolution
		Debug|Any CPU = Debug|Any CPU
		Release|Any CPU = Release|Any CPU
	EndGlobalSection
	GlobalSection(ProjectConfigurationPlatforms) = postSolution
		{A9D7CDBA-7AC4-4195-B4A8-CC5B36AB498A}.Debug|Any CPU.ActiveCfg = Debug|Any CPU
		{A9D7CDBA-7AC4-4195-B4A8-CC5B36AB498A}.Debug|Any CPU.Build.0 = Debug|Any CPU
		{A9D7CDBA-7AC4-4195-B4A8-CC5B36AB498A}.Release|Any CPU.ActiveCfg = Release|Any CPU
		{A9D7CDBA-7AC4-4195-B4A8-CC5B36AB498A}.Release|Any CPU.Build.0 = Release|Any CPU
	EndGlobalSection
	GlobalSection(SolutionProperties) = preSolution
		HideSolutionNode = FALSE
	EndGlobalSection
	GlobalSection(ExtensibilityGlobals) = postSolution
		SolutionGuid = {25983BEB-8FD9-4B0E-B55F-7A2EBAF6C4F4}
	EndGlobalSection
EndGlobal
